
Microsoft Visual Studio Solution File, Format Version 12.00
# Visual Studio 2013
VisualStudioVersion = 12.0.40629.0
MinimumVisualStudioVersion = 10.0.40219.1
Project("{FAE04EC0-301F-11D3-BF4B-00C04F79EFBC}") = "VendorSystem", "VendorSystem\VendorSystem.csproj", "{C8A17E3C-1BD5-43BD-A1E5-CB0EC0A6A4C2}"
EndProject
Global
	GlobalSection(TeamFoundationVersionControl) = preSolution
		SccNumberOfProjects = 2
		SccEnterpriseProvider = {4CA58AB2-18FA-4F8D-95D4-32DDF27D184C}
		SccTeamFoundationServer = https://dev.azure.com/qbscompany
		SccLocalPath0 = .
		SccProjectUniqueName1 = VendorSystem\\VendorSystem.csproj
		SccProjectName1 = VendorSystem
		SccLocalPath1 = VendorSystem
	EndGlobalSection
	GlobalSection(SolutionConfigurationPlatforms) = preSolution
		Debug|Any CPU = Debug|Any CPU
		Release|Any CPU = Release|Any CPU
	EndGlobalSection
	GlobalSection(ProjectConfigurationPlatforms) = postSolution
		{C8A17E3C-1BD5-43BD-A1E5-CB0EC0A6A4C2}.Debug|Any CPU.ActiveCfg = Debug|Any CPU
		{C8A17E3C-1BD5-43BD-A1E5-CB0EC0A6A4C2}.Debug|Any CPU.Build.0 = Debug|Any CPU
		{C8A17E3C-1BD5-43BD-A1E5-CB0EC0A6A4C2}.Release|Any CPU.ActiveCfg = Release|Any CPU
		{C8A17E3C-1BD5-43BD-A1E5-CB0EC0A6A4C2}.Release|Any CPU.Build.0 = Release|Any CPU
	EndGlobalSection
	GlobalSection(SolutionProperties) = preSolution
		HideSolutionNode = FALSE
	EndGlobalSection
EndGlobal
